<?xml version="1.0" encoding="utf-8"?>
<Project ToolsVersion="17.0" xmlns="http://schemas.microsoft.com/developer/msbuild/2003">
  <ItemGroup>
    <CustomBuild Include="D:\prog\formalLangs\CMakeFiles\add8a6df36a4987fce7174e35bcc76c7\generate.stamp.rule">
      <Filter>CMake Rules</Filter>
    </CustomBuild>
  </ItemGroup>
  <ItemGroup>
    <Filter Include="CMake Rules">
      <UniqueIdentifier>{B448874A-19EE-3D1B-A01A-1B0F44B0CDD0}</UniqueIdentifier>
    </Filter>
  </ItemGroup>
</Project>
